
Microsoft Visual Studio Solution File, Format Version 12.00
# Visual Studio Version 16
VisualStudioVersion = 16.0.30011.22
MinimumVisualStudioVersion = 10.0.40219.1
Project("{FAE04EC0-301F-11D3-BF4B-00C04F79EFBC}") = "BlogLab.Web", "BlogLab.Web\BlogLab.Web.csproj", "{265099BD-C672-4AC3-A057-4E2F67F9055F}"
EndProject
Global
	GlobalSection(SolutionConfigurationPlatforms) = preSolution
		Debug|Any CPU = Debug|Any CPU
		Release|Any CPU = Release|Any CPU
	EndGlobalSection
	GlobalSection(ProjectConfigurationPlatforms) = postSolution
		{265099BD-C672-4AC3-A057-4E2F67F9055F}.Debug|Any CPU.ActiveCfg = Debug|Any CPU
		{265099BD-C672-4AC3-A057-4E2F67F9055F}.Debug|Any CPU.Build.0 = Debug|Any CPU
		{265099BD-C672-4AC3-A057-4E2F67F9055F}.Release|Any CPU.ActiveCfg = Release|Any CPU
		{265099BD-C672-4AC3-A057-4E2F67F9055F}.Release|Any CPU.Build.0 = Release|Any CPU
	EndGlobalSection
	GlobalSection(SolutionProperties) = preSolution
		HideSolutionNode = FALSE
	EndGlobalSection
	GlobalSection(ExtensibilityGlobals) = postSolution
		SolutionGuid = {F0675BB9-8154-4546-AD40-14D5DA4D2AD1}
	EndGlobalSection
EndGlobal
